
Microsoft Visual Studio Solution File, Format Version 12.00
Project("{FAE04EC0-301F-11D3-BF4B-00C04F79EFBC}") = "com.mobiquity.packer", "com.mobiquity.packer\com.mobiquity.packer.csproj", "{A1A97328-494C-465B-8B45-92BC901489F1}"
EndProject
Project("{FAE04EC0-301F-11D3-BF4B-00C04F79EFBC}") = "com.mobiquity.packer.UnitTests", "com.mobiquity.packer.UnitTests\com.mobiquity.packer.UnitTests.csproj", "{6E74D1AE-AD5D-4636-81E0-8109AAD48EF1}"
EndProject
Global
	GlobalSection(SolutionConfigurationPlatforms) = preSolution
		Debug|Any CPU = Debug|Any CPU
		Release|Any CPU = Release|Any CPU
	EndGlobalSection
	GlobalSection(ProjectConfigurationPlatforms) = postSolution
		{A1A97328-494C-465B-8B45-92BC901489F1}.Debug|Any CPU.ActiveCfg = Debug|Any CPU
		{A1A97328-494C-465B-8B45-92BC901489F1}.Debug|Any CPU.Build.0 = Debug|Any CPU
		{A1A97328-494C-465B-8B45-92BC901489F1}.Release|Any CPU.ActiveCfg = Release|Any CPU
		{A1A97328-494C-465B-8B45-92BC901489F1}.Release|Any CPU.Build.0 = Release|Any CPU
		{6E74D1AE-AD5D-4636-81E0-8109AAD48EF1}.Debug|Any CPU.ActiveCfg = Debug|Any CPU
		{6E74D1AE-AD5D-4636-81E0-8109AAD48EF1}.Debug|Any CPU.Build.0 = Debug|Any CPU
		{6E74D1AE-AD5D-4636-81E0-8109AAD48EF1}.Release|Any CPU.ActiveCfg = Release|Any CPU
		{6E74D1AE-AD5D-4636-81E0-8109AAD48EF1}.Release|Any CPU.Build.0 = Release|Any CPU
	EndGlobalSection
EndGlobal
